
Microsoft Visual Studio Solution File, Format Version 10.00
# Visual Studio 2008
Project("{FAE04EC0-301F-11D3-BF4B-00C04F79EFBC}") = "ISALogs", "ISALogs\ISALogs.csproj", "{78097394-2B74-465B-A3AC-A7020D56F8C2}"
EndProject
Global
	GlobalSection(SolutionConfigurationPlatforms) = preSolution
		Debug|Any CPU = Debug|Any CPU
		Release|Any CPU = Release|Any CPU
	EndGlobalSection
	GlobalSection(ProjectConfigurationPlatforms) = postSolution
		{78097394-2B74-465B-A3AC-A7020D56F8C2}.Debug|Any CPU.ActiveCfg = Debug|Any CPU
		{78097394-2B74-465B-A3AC-A7020D56F8C2}.Debug|Any CPU.Build.0 = Debug|Any CPU
		{78097394-2B74-465B-A3AC-A7020D56F8C2}.Release|Any CPU.ActiveCfg = Release|Any CPU
		{78097394-2B74-465B-A3AC-A7020D56F8C2}.Release|Any CPU.Build.0 = Release|Any CPU
	EndGlobalSection
	GlobalSection(SolutionProperties) = preSolution
		HideSolutionNode = FALSE
	EndGlobalSection
EndGlobal
